// !$*UTF8*$!
{
	archiveVersion = 1;
	classes = {
	};
	objectVersion = 50;
	objects = {

/* Begin PBXBuildFile section */
		0035D50A22B2B5D8009E46C9 /* pwned.png in Resources */ = {isa = PBXBuildFile; fileRef = 0035D50922B2B5D8009E46C9 /* pwned.png */; };
		0035D51922B2C747009E46C9 /* ALOA_exp.c in Sources */ = {isa = PBXBuildFile; fileRef = 0035D51122B2C746009E46C9 /* ALOA_exp.c */; };
		0035D51A22B2C747009E46C9 /* BNSA_exp.c in Sources */ = {isa = PBXBuildFile; fileRef = 0035D51322B2C747009E46C9 /* BNSA_exp.c */; };
		0035D51B22B2C747009E46C9 /* UHAK_final_exp.c in Sources */ = {isa = PBXBuildFile; fileRef = 0035D51522B2C747009E46C9 /* UHAK_final_exp.c */; };
		0035D51C22B2C747009E46C9 /* kernel_stu.c in Sources */ = {isa = PBXBuildFile; fileRef = 0035D51822B2C747009E46C9 /* kernel_stu.c */; };
		0035D51F22B2C752009E46C9 /* inject.m in Sources */ = {isa = PBXBuildFile; fileRef = 0035D51E22B2C752009E46C9 /* inject.m */; };
		0035D52222B2C796009E46C9 /* IOKit.framework in Frameworks */ = {isa = PBXBuildFile; fileRef = 0035D52122B2C796009E46C9 /* IOKit.framework */; };
		00AC133322B2B30600ADCB27 /* AppDelegate.m in Sources */ = {isa = PBXBuildFile; fileRef = 00AC133222B2B30600ADCB27 /* AppDelegate.m */; };
		00AC133622B2B30600ADCB27 /* ViewController.m in Sources */ = {isa = PBXBuildFile; fileRef = 00AC133522B2B30600ADCB27 /* ViewController.m */; };
		00AC133922B2B30600ADCB27 /* Main.storyboard in Resources */ = {isa = PBXBuildFile; fileRef = 00AC133722B2B30600ADCB27 /* Main.storyboard */; };
		00AC133B22B2B30700ADCB27 /* Assets.xcassets in Resources */ = {isa = PBXBuildFile; fileRef = 00AC133A22B2B30700ADCB27 /* Assets.xcassets */; };
		00AC133E22B2B30700ADCB27 /* LaunchScreen.storyboard in Resources */ = {isa = PBXBuildFile; fileRef = 00AC133C22B2B30700ADCB27 /* LaunchScreen.storyboard */; };
		00AC134122B2B30700ADCB27 /* main.m in Sources */ = {isa = PBXBuildFile; fileRef = 00AC134022B2B30700ADCB27 /* main.m */; };
/* End PBXBuildFile section */

/* Begin PBXFileReference section */
		0035D50922B2B5D8009E46C9 /* pwned.png */ = {isa = PBXFileReference; lastKnownFileType = image.png; path = pwned.png; sourceTree = "<group>"; };
		0035D50F22B2C746009E46C9 /* IOTypes.h */ = {isa = PBXFileReference; fileEncoding = 4; lastKnownFileType = sourcecode.c.h; path = IOTypes.h; sourceTree = "<group>"; };
		0035D51022B2C746009E46C9 /* IOReturn.h */ = {isa = PBXFileReference; fileEncoding = 4; lastKnownFileType = sourcecode.c.h; path = IOReturn.h; sourceTree = "<group>"; };
		0035D51122B2C746009E46C9 /* ALOA_exp.c */ = {isa = PBXFileReference; fileEncoding = 4; lastKnownFileType = sourcecode.c.c; path = ALOA_exp.c; sourceTree = "<group>"; };
		0035D51222B2C747009E46C9 /* OSMessageNotification.h */ = {isa = PBXFileReference; fileEncoding = 4; lastKnownFileType = sourcecode.c.h; path = OSMessageNotification.h; sourceTree = "<group>"; };
		0035D51322B2C747009E46C9 /* BNSA_exp.c */ = {isa = PBXFileReference; fileEncoding = 4; lastKnownFileType = sourcecode.c.c; path = BNSA_exp.c; sourceTree = "<group>"; };
		0035D51422B2C747009E46C9 /* IOKitLib.h */ = {isa = PBXFileReference; fileEncoding = 4; lastKnownFileType = sourcecode.c.h; path = IOKitLib.h; sourceTree = "<group>"; };
		0035D51522B2C747009E46C9 /* UHAK_final_exp.c */ = {isa = PBXFileReference; fileEncoding = 4; lastKnownFileType = sourcecode.c.c; path = UHAK_final_exp.c; sourceTree = "<group>"; };
		0035D51622B2C747009E46C9 /* kernel_stru.h */ = {isa = PBXFileReference; fileEncoding = 4; lastKnownFileType = sourcecode.c.h; path = kernel_stru.h; sourceTree = "<group>"; };
		0035D51722B2C747009E46C9 /* IOKitKeys.h */ = {isa = PBXFileReference; fileEncoding = 4; lastKnownFileType = sourcecode.c.h; path = IOKitKeys.h; sourceTree = "<group>"; };
		0035D51822B2C747009E46C9 /* kernel_stu.c */ = {isa = PBXFileReference; fileEncoding = 4; lastKnownFileType = sourcecode.c.c; path = kernel_stu.c; sourceTree = "<group>"; };
		0035D51D22B2C752009E46C9 /* inject.h */ = {isa = PBXFileReference; fileEncoding = 4; lastKnownFileType = sourcecode.c.h; path = inject.h; sourceTree = "<group>"; };
		0035D51E22B2C752009E46C9 /* inject.m */ = {isa = PBXFileReference; fileEncoding = 4; lastKnownFileType = sourcecode.c.objc; path = inject.m; sourceTree = "<group>"; };
		0035D52122B2C796009E46C9 /* IOKit.framework */ = {isa = PBXFileReference; lastKnownFileType = wrapper.framework; name = IOKit.framework; path = "../../../../Volumes/Macintosh HD/Users/huke/Documents/iOS_SDK/12.3.1 (16F203)/Symbols/System/Library/Frameworks/IOKit.framework"; sourceTree = "<group>"; };
		00AC132E22B2B30600ADCB27 /* iospwn_typhoonPwn_2019.app */ = {isa = PBXFileReference; explicitFileType = wrapper.application; includeInIndex = 0; path = iospwn_typhoonPwn_2019.app; sourceTree = BUILT_PRODUCTS_DIR; };
		00AC133122B2B30600ADCB27 /* AppDelegate.h */ = {isa = PBXFileReference; lastKnownFileType = sourcecode.c.h; path = AppDelegate.h; sourceTree = "<group>"; };
		00AC133222B2B30600ADCB27 /* AppDelegate.m */ = {isa = PBXFileReference; lastKnownFileType = sourcecode.c.objc; path = AppDelegate.m; sourceTree = "<group>"; };
		00AC133422B2B30600ADCB27 /* ViewController.h */ = {isa = PBXFileReference; lastKnownFileType = sourcecode.c.h; path = ViewController.h; sourceTree = "<group>"; };
		00AC133522B2B30600ADCB27 /* ViewController.m */ = {isa = PBXFileReference; lastKnownFileType = sourcecode.c.objc; path = ViewController.m; sourceTree = "<group>"; };
		00AC133822B2B30600ADCB27 /* Base */ = {isa = PBXFileReference; lastKnownFileType = file.storyboard; name = Base; path = Base.lproj/Main.storyboard; sourceTree = "<group>"; };
		00AC133A22B2B30700ADCB27 /* Assets.xcassets */ = {isa = PBXFileReference; lastKnownFileType = folder.assetcatalog; path = Assets.xcassets; sourceTree = "<group>"; };
		00AC133D22B2B30700ADCB27 /* Base */ = {isa = PBXFileReference; lastKnownFileType = file.storyboard; name = Base; path = Base.lproj/LaunchScreen.storyboard; sourceTree = "<group>"; };
		00AC133F22B2B30700ADCB27 /* Info.plist */ = {isa = PBXFileReference; lastKnownFileType = text.plist.xml; path = Info.plist; sourceTree = "<group>"; };
		00AC134022B2B30700ADCB27 /* main.m */ = {isa = PBXFileReference; lastKnownFileType = sourcecode.c.objc; path = main.m; sourceTree = "<group>"; };
/* End PBXFileReference section */

/* Begin PBXFrameworksBuildPhase section */
		00AC132B22B2B30600ADCB27 /* Frameworks */ = {
			isa = PBXFrameworksBuildPhase;
			buildActionMask = 2147483647;
			files = (
				0035D52222B2C796009E46C9 /* IOKit.framework in Frameworks */,
			);
			runOnlyForDeploymentPostprocessing = 0;
		};
/* End PBXFrameworksBuildPhase section */

/* Begin PBXGroup section */
		0035D52022B2C796009E46C9 /* Frameworks */ = {
			isa = PBXGroup;
			children = (
				0035D52122B2C796009E46C9 /* IOKit.framework */,
			);
			name = Frameworks;
			sourceTree = "<group>";
		};
		00AC132522B2B30600ADCB27 = {
			isa = PBXGroup;
			children = (
				00AC133022B2B30600ADCB27 /* iospwn_typhoonPwn_2019 */,
				00AC132F22B2B30600ADCB27 /* Products */,
				0035D52022B2C796009E46C9 /* Frameworks */,
			);
			sourceTree = "<group>";
		};
		00AC132F22B2B30600ADCB27 /* Products */ = {
			isa = PBXGroup;
			children = (
				00AC132E22B2B30600ADCB27 /* iospwn_typhoonPwn_2019.app */,
			);
			name = Products;
			sourceTree = "<group>";
		};
		00AC133022B2B30600ADCB27 /* iospwn_typhoonPwn_2019 */ = {
			isa = PBXGroup;
			children = (
				00AC133122B2B30600ADCB27 /* AppDelegate.h */,
				00AC133222B2B30600ADCB27 /* AppDelegate.m */,
				00AC133422B2B30600ADCB27 /* ViewController.h */,
				00AC133522B2B30600ADCB27 /* ViewController.m */,
				0035D51122B2C746009E46C9 /* ALOA_exp.c */,
				0035D51322B2C747009E46C9 /* BNSA_exp.c */,
				0035D51722B2C747009E46C9 /* IOKitKeys.h */,
				0035D51422B2C747009E46C9 /* IOKitLib.h */,
				0035D51022B2C746009E46C9 /* IOReturn.h */,
				0035D50F22B2C746009E46C9 /* IOTypes.h */,
				0035D51622B2C747009E46C9 /* kernel_stru.h */,
				0035D51822B2C747009E46C9 /* kernel_stu.c */,
				0035D51222B2C747009E46C9 /* OSMessageNotification.h */,
				0035D51522B2C747009E46C9 /* UHAK_final_exp.c */,
				0035D51D22B2C752009E46C9 /* inject.h */,
				0035D51E22B2C752009E46C9 /* inject.m */,
				0035D50922B2B5D8009E46C9 /* pwned.png */,
				00AC133722B2B30600ADCB27 /* Main.storyboard */,
				00AC133A22B2B30700ADCB27 /* Assets.xcassets */,
				00AC133C22B2B30700ADCB27 /* LaunchScreen.storyboard */,
				00AC133F22B2B30700ADCB27 /* Info.plist */,
				00AC134022B2B30700ADCB27 /* main.m */,
			);
			path = iospwn_typhoonPwn_2019;
			sourceTree = "<group>";
		};
/* End PBXGroup section */

/* Begin PBXNativeTarget section */
		00AC132D22B2B30600ADCB27 /* iospwn_typhoonPwn_2019 */ = {
			isa = PBXNativeTarget;
			buildConfigurationList = 00AC134422B2B30700ADCB27 /* Build configuration list for PBXNativeTarget "iospwn_typhoonPwn_2019" */;
			buildPhases = (
				00AC132A22B2B30600ADCB27 /* Sources */,
				00AC132B22B2B30600ADCB27 /* Frameworks */,
				00AC132C22B2B30600ADCB27 /* Resources */,
			);
			buildRules = (
			);
			dependencies = (
			);
			name = iospwn_typhoonPwn_2019;
			productName = iospwn_typhoonPwn_2019;
			productReference = 00AC132E22B2B30600ADCB27 /* iospwn_typhoonPwn_2019.app */;
			productType = "com.apple.product-type.application";
		};
/* End PBXNativeTarget section */

/* Begin PBXProject section */
		00AC132622B2B30600ADCB27 /* Project object */ = {
			isa = PBXProject;
			attributes = {
				LastUpgradeCheck = 1010;
				ORGANIZATIONNAME = aa;
				TargetAttributes = {
					00AC132D22B2B30600ADCB27 = {
						CreatedOnToolsVersion = 10.1;
					};
				};
			};
			buildConfigurationList = 00AC132922B2B30600ADCB27 /* Build configuration list for PBXProject "iospwn_typhoonPwn_2019" */;
			compatibilityVersion = "Xcode 9.3";
			developmentRegion = en;
			hasScannedForEncodings = 0;
			knownRegions = (
				en,
				Base,
			);
			mainGroup = 00AC132522B2B30600ADCB27;
			productRefGroup = 00AC132F22B2B30600ADCB27 /* Products */;
			projectDirPath = "";
			projectRoot = "";
			targets = (
				00AC132D22B2B30600ADCB27 /* iospwn_typhoonPwn_2019 */,
			);
		};
/* End PBXProject section */

/* Begin PBXResourcesBuildPhase section */
		00AC132C22B2B30600ADCB27 /* Resources */ = {
			isa = PBXResourcesBuildPhase;
			buildActionMask = 2147483647;
			files = (
				00AC133E22B2B30700ADCB27 /* LaunchScreen.storyboard in Resources */,
				00AC133B22B2B30700ADCB27 /* Assets.xcassets in Resources */,
				0035D50A22B2B5D8009E46C9 /* pwned.png in Resources */,
				00AC133922B2B30600ADCB27 /* Main.storyboard in Resources */,
			);
			runOnlyForDeploymentPostprocessing = 0;
		};
/* End PBXResourcesBuildPhase section */

/* Begin PBXSourcesBuildPhase section */
		00AC132A22B2B30600ADCB27 /* Sources */ = {
			isa = PBXSourcesBuildPhase;
			buildActionMask = 2147483647;
			files = (
				0035D51F22B2C752009E46C9 /* inject.m in Sources */,
				0035D51A22B2C747009E46C9 /* BNSA_exp.c in Sources */,
				0035D51922B2C747009E46C9 /* ALOA_exp.c in Sources */,
				00AC133622B2B30600ADCB27 /* ViewController.m in Sources */,
				0035D51C22B2C747009E46C9 /* kernel_stu.c in Sources */,
				00AC134122B2B30700ADCB27 /* main.m in Sources */,
				00AC133322B2B30600ADCB27 /* AppDelegate.m in Sources */,
				0035D51B22B2C747009E46C9 /* UHAK_final_exp.c in Sources */,
			);
			runOnlyForDeploymentPostprocessing = 0;
		};
/* End PBXSourcesBuildPhase section */

/* Begin PBXVariantGroup section */
		00AC133722B2B30600ADCB27 /* Main.storyboard */ = {
			isa = PBXVariantGroup;
			children = (
				00AC133822B2B30600ADCB27 /* Base */,
			);
			name = Main.storyboard;
			sourceTree = "<group>";
		};
		00AC133C22B2B30700ADCB27 /* LaunchScreen.storyboard */ = {
			isa = PBXVariantGroup;
			children = (
				00AC133D22B2B30700ADCB27 /* Base */,
			);
			name = LaunchScreen.storyboard;
			sourceTree = "<group>";
		};
/* End PBXVariantGroup section */

/* Begin XCBuildConfiguration section */
		00AC134222B2B30700ADCB27 /* Debug */ = {
			isa = XCBuildConfiguration;
			buildSettings = {
				ALWAYS_SEARCH_USER_PATHS = NO;
				CLANG_ANALYZER_NONNULL = YES;
				CLANG_ANALYZER_NUMBER_OBJECT_CONVERSION = YES_AGGRESSIVE;
				CLANG_CXX_LANGUAGE_STANDARD = "gnu++14";
				CLANG_CXX_LIBRARY = "libc++";
				CLANG_ENABLE_MODULES = YES;
				CLANG_ENABLE_OBJC_ARC = YES;
				CLANG_ENABLE_OBJC_WEAK = YES;
				CLANG_WARN_BLOCK_CAPTURE_AUTORELEASING = YES;
				CLANG_WARN_BOOL_CONVERSION = YES;
				CLANG_WARN_COMMA = YES;
				CLANG_WARN_CONSTANT_CONVERSION = YES;
				CLANG_WARN_DEPRECATED_OBJC_IMPLEMENTATIONS = YES;
				CLANG_WARN_DIRECT_OBJC_ISA_USAGE = YES_ERROR;
				CLANG_WARN_DOCUMENTATION_COMMENTS = YES;
				CLANG_WARN_EMPTY_BODY = YES;
				CLANG_WARN_ENUM_CONVERSION = YES;
				CLANG_WARN_INFINITE_RECURSION = YES;
				CLANG_WARN_INT_CONVERSION = YES;
				CLANG_WARN_NON_LITERAL_NULL_CONVERSION = YES;
				CLANG_WARN_OBJC_IMPLICIT_RETAIN_SELF = YES;
				CLANG_WARN_OBJC_LITERAL_CONVERSION = YES;
				CLANG_WARN_OBJC_ROOT_CLASS = YES_ERROR;
				CLANG_WARN_RANGE_LOOP_ANALYSIS = YES;
				CLANG_WARN_STRICT_PROTOTYPES = YES;
				CLANG_WARN_SUSPICIOUS_MOVE = YES;
				CLANG_WARN_UNGUARDED_AVAILABILITY = YES_AGGRESSIVE;
				CLANG_WARN_UNREACHABLE_CODE = YES;
				CLANG_WARN__DUPLICATE_METHOD_MATCH = YES;
				CODE_SIGN_IDENTITY = "iPhone Developer";
				COPY_PHASE_STRIP = NO;
				DEBUG_INFORMATION_FORMAT = dwarf;
				ENABLE_STRICT_OBJC_MSGSEND = YES;
				ENABLE_TESTABILITY = YES;
				GCC_C_LANGUAGE_STANDARD = gnu11;
				GCC_DYNAMIC_NO_PIC = NO;
				GCC_NO_COMMON_BLOCKS = YES;
				GCC_OPTIMIZATION_LEVEL = 0;
				GCC_PREPROCESSOR_DEFINITIONS = (
					"DEBUG=1",
					"$(inherited)",
				);
				GCC_WARN_64_TO_32_BIT_CONVERSION = YES;
				GCC_WARN_ABOUT_RETURN_TYPE = YES_ERROR;
				GCC_WARN_UNDECLARED_SELECTOR = YES;
				GCC_WARN_UNINITIALIZED_AUTOS = YES_AGGRESSIVE;
				GCC_WARN_UNUSED_FUNCTION = YES;
				GCC_WARN_UNUSED_VARIABLE = YES;
				IPHONEOS_DEPLOYMENT_TARGET = 12.1;
				MTL_ENABLE_DEBUG_INFO = INCLUDE_SOURCE;
				MTL_FAST_MATH = YES;
				ONLY_ACTIVE_ARCH = YES;
				SDKROOT = iphoneos;
			};
			name = Debug;
		};
		00AC134322B2B30700ADCB27 /* Release */ = {
			isa = XCBuildConfiguration;
			buildSettings = {
				ALWAYS_SEARCH_USER_PATHS = NO;
				CLANG_ANALYZER_NONNULL = YES;
				CLANG_ANALYZER_NUMBER_OBJECT_CONVERSION = YES_AGGRESSIVE;
				CLANG_CXX_LANGUAGE_STANDARD = "gnu++14";
				CLANG_CXX_LIBRARY = "libc++";
				CLANG_ENABLE_MODULES = YES;
				CLANG_ENABLE_OBJC_ARC = YES;
				CLANG_ENABLE_OBJC_WEAK = YES;
				CLANG_WARN_BLOCK_CAPTURE_AUTORELEASING = YES;
				CLANG_WARN_BOOL_CONVERSION = YES;
				CLANG_WARN_COMMA = YES;
				CLANG_WARN_CONSTANT_CONVERSION = YES;
				CLANG_WARN_DEPRECATED_OBJC_IMPLEMENTATIONS = YES;
				CLANG_WARN_DIRECT_OBJC_ISA_USAGE = YES_ERROR;
				CLANG_WARN_DOCUMENTATION_COMMENTS = YES;
				CLANG_WARN_EMPTY_BODY = YES;
				CLANG_WARN_ENUM_CONVERSION = YES;
				CLANG_WARN_INFINITE_RECURSION = YES;
				CLANG_WARN_INT_CONVERSION = YES;
				CLANG_WARN_NON_LITERAL_NULL_CONVERSION = YES;
				CLANG_WARN_OBJC_IMPLICIT_RETAIN_SELF = YES;
				CLANG_WARN_OBJC_LITERAL_CONVERSION = YES;
				CLANG_WARN_OBJC_ROOT_CLASS = YES_ERROR;
				CLANG_WARN_RANGE_LOOP_ANALYSIS = YES;
				CLANG_WARN_STRICT_PROTOTYPES = YES;
				CLANG_WARN_SUSPICIOUS_MOVE = YES;
				CLANG_WARN_UNGUARDED_AVAILABILITY = YES_AGGRESSIVE;
				CLANG_WARN_UNREACHABLE_CODE = YES;
				CLANG_WARN__DUPLICATE_METHOD_MATCH = YES;
				CODE_SIGN_IDENTITY = "iPhone Developer";
				COPY_PHASE_STRIP = NO;
				DEBUG_INFORMATION_FORMAT = "dwarf-with-dsym";
				ENABLE_NS_ASSERTIONS = NO;
				ENABLE_STRICT_OBJC_MSGSEND = YES;
				GCC_C_LANGUAGE_STANDARD = gnu11;
				GCC_NO_COMMON_BLOCKS = YES;
				GCC_WARN_64_TO_32_BIT_CONVERSION = YES;
				GCC_WARN_ABOUT_RETURN_TYPE = YES_ERROR;
				GCC_WARN_UNDECLARED_SELECTOR = YES;
				GCC_WARN_UNINITIALIZED_AUTOS = YES_AGGRESSIVE;
				GCC_WARN_UNUSED_FUNCTION = YES;
				GCC_WARN_UNUSED_VARIABLE = YES;
				IPHONEOS_DEPLOYMENT_TARGET = 12.1;
				MTL_ENABLE_DEBUG_INFO = NO;
				MTL_FAST_MATH = YES;
				SDKROOT = iphoneos;
				VALIDATE_PRODUCT = YES;
			};
			name = Release;
		};
		00AC134522B2B30700ADCB27 /* Debug */ = {
			isa = XCBuildConfiguration;
			buildSettings = {
				ASSETCATALOG_COMPILER_APPICON_NAME = AppIcon;
				CODE_SIGN_STYLE = Automatic;
				DEVELOPMENT_TEAM = "";
				INFOPLIST_FILE = iospwn_typhoonPwn_2019/Info.plist;
				LD_RUNPATH_SEARCH_PATHS = (
					"$(inherited)",
					"@executable_path/Frameworks",
				);
				PRODUCT_BUNDLE_IDENTIFIER = "com.aa.iospwn-typhoonPwn-2019";
				PRODUCT_NAME = "$(TARGET_NAME)";
				TARGETED_DEVICE_FAMILY = "1,2";
			};
			name = Debug;
		};
		00AC134622B2B30700ADCB27 /* Release */ = {
			isa = XCBuildConfiguration;
			buildSettings = {
				ASSETCATALOG_COMPILER_APPICON_NAME = AppIcon;
				CODE_SIGN_STYLE = Automatic;
				DEVELOPMENT_TEAM = "";
				INFOPLIST_FILE = iospwn_typhoonPwn_2019/Info.plist;
				LD_RUNPATH_SEARCH_PATHS = (
					"$(inherited)",
					"@executable_path/Frameworks",
				);
				PRODUCT_BUNDLE_IDENTIFIER = "com.aa.iospwn-typhoonPwn-2019";
				PRODUCT_NAME = "$(TARGET_NAME)";
				TARGETED_DEVICE_FAMILY = "1,2";
			};
			name = Release;
		};
/* End XCBuildConfiguration section */

/* Begin XCConfigurationList section */
		00AC132922B2B30600ADCB27 /* Build configuration list for PBXProject "iospwn_typhoonPwn_2019" */ = {
			isa = XCConfigurationList;
			buildConfigurations = (
				00AC134222B2B30700ADCB27 /* Debug */,
				00AC134322B2B30700ADCB27 /* Release */,
			);
			defaultConfigurationIsVisible = 0;
			defaultConfigurationName = Release;
		};
		00AC134422B2B30700ADCB27 /* Build configuration list for PBXNativeTarget "iospwn_typhoonPwn_2019" */ = {
			isa = XCConfigurationList;
			buildConfigurations = (
				00AC134522B2B30700ADCB27 /* Debug */,
				00AC134622B2B30700ADCB27 /* Release */,
			);
			defaultConfigurationIsVisible = 0;
			defaultConfigurationName = Release;
		};
/* End XCConfigurationList section */
	};
	rootObject = 00AC132622B2B30600ADCB27 /* Project object */;
}
